
Microsoft Visual Studio Solution File, Format Version 12.00
# Visual Studio 15
VisualStudioVersion = 15.0.28307.779
MinimumVisualStudioVersion = 10.0.40219.1
Project("{FAE04EC0-301F-11D3-BF4B-00C04F79EFBC}") = "Blog", "Blog\Blog.csproj", "{D9119153-D028-42EA-A429-EE08CE5D52BC}"
EndProject
Global
	GlobalSection(SolutionConfigurationPlatforms) = preSolution
		Debug|Any CPU = Debug|Any CPU
		Release|Any CPU = Release|Any CPU
	EndGlobalSection
	GlobalSection(ProjectConfigurationPlatforms) = postSolution
		{D9119153-D028-42EA-A429-EE08CE5D52BC}.Debug|Any CPU.ActiveCfg = Debug|Any CPU
		{D9119153-D028-42EA-A429-EE08CE5D52BC}.Debug|Any CPU.Build.0 = Debug|Any CPU
		{D9119153-D028-42EA-A429-EE08CE5D52BC}.Release|Any CPU.ActiveCfg = Release|Any CPU
		{D9119153-D028-42EA-A429-EE08CE5D52BC}.Release|Any CPU.Build.0 = Release|Any CPU
	EndGlobalSection
	GlobalSection(SolutionProperties) = preSolution
		HideSolutionNode = FALSE
	EndGlobalSection
	GlobalSection(ExtensibilityGlobals) = postSolution
		SolutionGuid = {065EE85C-403C-4D64-956D-2A9E625A649F}
	EndGlobalSection
EndGlobal
