
Microsoft Visual Studio Solution File, Format Version 12.00
# Visual Studio 15
VisualStudioVersion = 15.0.28307.779
MinimumVisualStudioVersion = 10.0.40219.1
Project("{FAE04EC0-301F-11D3-BF4B-00C04F79EFBC}") = "MyBlog", "MyBlog\MyBlog.csproj", "{530EEC96-B9CB-46A7-B2F8-658869FA5D32}"
EndProject
Project("{FAE04EC0-301F-11D3-BF4B-00C04F79EFBC}") = "BlogDAL", "BlogDAL\BlogDAL.csproj", "{5A1E3833-15F2-459C-B665-197A2B48B692}"
EndProject
Project("{FAE04EC0-301F-11D3-BF4B-00C04F79EFBC}") = "BlogBL", "BlogBL\BlogBL.csproj", "{FD623254-DA70-4D3D-81C1-54295CE6D807}"
EndProject
Global
	GlobalSection(SolutionConfigurationPlatforms) = preSolution
		Debug|Any CPU = Debug|Any CPU
		Release|Any CPU = Release|Any CPU
	EndGlobalSection
	GlobalSection(ProjectConfigurationPlatforms) = postSolution
		{530EEC96-B9CB-46A7-B2F8-658869FA5D32}.Debug|Any CPU.ActiveCfg = Debug|Any CPU
		{530EEC96-B9CB-46A7-B2F8-658869FA5D32}.Debug|Any CPU.Build.0 = Debug|Any CPU
		{530EEC96-B9CB-46A7-B2F8-658869FA5D32}.Release|Any CPU.ActiveCfg = Release|Any CPU
		{530EEC96-B9CB-46A7-B2F8-658869FA5D32}.Release|Any CPU.Build.0 = Release|Any CPU
		{5A1E3833-15F2-459C-B665-197A2B48B692}.Debug|Any CPU.ActiveCfg = Debug|Any CPU
		{5A1E3833-15F2-459C-B665-197A2B48B692}.Debug|Any CPU.Build.0 = Debug|Any CPU
		{5A1E3833-15F2-459C-B665-197A2B48B692}.Release|Any CPU.ActiveCfg = Release|Any CPU
		{5A1E3833-15F2-459C-B665-197A2B48B692}.Release|Any CPU.Build.0 = Release|Any CPU
		{FD623254-DA70-4D3D-81C1-54295CE6D807}.Debug|Any CPU.ActiveCfg = Debug|Any CPU
		{FD623254-DA70-4D3D-81C1-54295CE6D807}.Debug|Any CPU.Build.0 = Debug|Any CPU
		{FD623254-DA70-4D3D-81C1-54295CE6D807}.Release|Any CPU.ActiveCfg = Release|Any CPU
		{FD623254-DA70-4D3D-81C1-54295CE6D807}.Release|Any CPU.Build.0 = Release|Any CPU
	EndGlobalSection
	GlobalSection(SolutionProperties) = preSolution
		HideSolutionNode = FALSE
	EndGlobalSection
	GlobalSection(ExtensibilityGlobals) = postSolution
		SolutionGuid = {0F5DF31C-6674-48DE-8FFD-ACED32551EC6}
	EndGlobalSection
EndGlobal
