
Microsoft Visual Studio Solution File, Format Version 12.00
# Visual Studio 15
VisualStudioVersion = 15.0.28307.779
MinimumVisualStudioVersion = 10.0.40219.1
Project("{FAE04EC0-301F-11D3-BF4B-00C04F79EFBC}") = "BlogApi", "BlogApi\BlogApi.csproj", "{6E329D7E-12C8-4F90-9543-134C2E652605}"
EndProject
Global
	GlobalSection(SolutionConfigurationPlatforms) = preSolution
		Debug|Any CPU = Debug|Any CPU
		Release|Any CPU = Release|Any CPU
	EndGlobalSection
	GlobalSection(ProjectConfigurationPlatforms) = postSolution
		{6E329D7E-12C8-4F90-9543-134C2E652605}.Debug|Any CPU.ActiveCfg = Debug|Any CPU
		{6E329D7E-12C8-4F90-9543-134C2E652605}.Debug|Any CPU.Build.0 = Debug|Any CPU
		{6E329D7E-12C8-4F90-9543-134C2E652605}.Release|Any CPU.ActiveCfg = Release|Any CPU
		{6E329D7E-12C8-4F90-9543-134C2E652605}.Release|Any CPU.Build.0 = Release|Any CPU
	EndGlobalSection
	GlobalSection(SolutionProperties) = preSolution
		HideSolutionNode = FALSE
	EndGlobalSection
	GlobalSection(ExtensibilityGlobals) = postSolution
		SolutionGuid = {CC3A8922-6986-4816-8CAB-65AFB3B043F5}
	EndGlobalSection
EndGlobal
